
Microsoft Visual Studio Solution File, Format Version 12.00
# Visual Studio Version 16
VisualStudioVersion = 16.0.29409.12
MinimumVisualStudioVersion = 10.0.40219.1
Project("{9A19103F-16F7-4668-BE54-9A1E7A4F7556}") = "MySql.Data.Wrapper", "MySql.Data.Wrapper\MySql.Data.Wrapper.csproj", "{5508B46B-D302-450A-A813-7C651F13395C}"
EndProject
Project("{FAE04EC0-301F-11D3-BF4B-00C04F79EFBC}") = "MySqlConnector.Wrapper", "MySqlConnector.Wrapper\MySqlConnector.Wrapper.csproj", "{BB23B6B2-8566-4097-9177-2321B9DD7595}"
EndProject
Project("{FAE04EC0-301F-11D3-BF4B-00C04F79EFBC}") = "MySqlConnector.Wrapper.Tests", "MySqlConnector.Wrapper.Tests\MySqlConnector.Wrapper.Tests.csproj", "{38CA4123-429B-490E-A333-CD8D96562075}"
EndProject
Project("{FAE04EC0-301F-11D3-BF4B-00C04F79EFBC}") = "MySql.Data.Wrapper.Test", "MySql.Data.Wrapper.Tests\MySql.Data.Wrapper.Tests.csproj", "{18F1C7DA-CDF1-4A5C-8A22-BDC6EED5B613}"
EndProject
Global
	GlobalSection(SolutionConfigurationPlatforms) = preSolution
		Debug|Any CPU = Debug|Any CPU
		Release|Any CPU = Release|Any CPU
	EndGlobalSection
	GlobalSection(ProjectConfigurationPlatforms) = postSolution
		{5508B46B-D302-450A-A813-7C651F13395C}.Debug|Any CPU.ActiveCfg = Debug|Any CPU
		{5508B46B-D302-450A-A813-7C651F13395C}.Debug|Any CPU.Build.0 = Debug|Any CPU
		{5508B46B-D302-450A-A813-7C651F13395C}.Release|Any CPU.ActiveCfg = Release|Any CPU
		{5508B46B-D302-450A-A813-7C651F13395C}.Release|Any CPU.Build.0 = Release|Any CPU
		{BB23B6B2-8566-4097-9177-2321B9DD7595}.Debug|Any CPU.ActiveCfg = Debug|Any CPU
		{BB23B6B2-8566-4097-9177-2321B9DD7595}.Debug|Any CPU.Build.0 = Debug|Any CPU
		{BB23B6B2-8566-4097-9177-2321B9DD7595}.Release|Any CPU.ActiveCfg = Release|Any CPU
		{BB23B6B2-8566-4097-9177-2321B9DD7595}.Release|Any CPU.Build.0 = Release|Any CPU
		{38CA4123-429B-490E-A333-CD8D96562075}.Debug|Any CPU.ActiveCfg = Debug|Any CPU
		{38CA4123-429B-490E-A333-CD8D96562075}.Debug|Any CPU.Build.0 = Debug|Any CPU
		{38CA4123-429B-490E-A333-CD8D96562075}.Release|Any CPU.ActiveCfg = Release|Any CPU
		{38CA4123-429B-490E-A333-CD8D96562075}.Release|Any CPU.Build.0 = Release|Any CPU
		{18F1C7DA-CDF1-4A5C-8A22-BDC6EED5B613}.Debug|Any CPU.ActiveCfg = Debug|Any CPU
		{18F1C7DA-CDF1-4A5C-8A22-BDC6EED5B613}.Debug|Any CPU.Build.0 = Debug|Any CPU
		{18F1C7DA-CDF1-4A5C-8A22-BDC6EED5B613}.Release|Any CPU.ActiveCfg = Release|Any CPU
		{18F1C7DA-CDF1-4A5C-8A22-BDC6EED5B613}.Release|Any CPU.Build.0 = Release|Any CPU
	EndGlobalSection
	GlobalSection(SolutionProperties) = preSolution
		HideSolutionNode = FALSE
	EndGlobalSection
	GlobalSection(ExtensibilityGlobals) = postSolution
		SolutionGuid = {EA5AD39B-13FC-4F25-BEF5-D90284819813}
	EndGlobalSection
EndGlobal
