
Microsoft Visual Studio Solution File, Format Version 12.00
# Visual Studio Version 16
VisualStudioVersion = 16.0.29409.12
MinimumVisualStudioVersion = 10.0.40219.1
Project("{FAE04EC0-301F-11D3-BF4B-00C04F79EFBC}") = "MySqlConnectorWrapper.Tests", "MySqlConnectorWrapper.Tests\MySqlConnectorWrapper.Tests.csproj", "{0D82EA19-D91C-4974-B83B-90F2F990A1D8}"
EndProject
Project("{FAE04EC0-301F-11D3-BF4B-00C04F79EFBC}") = "MySqlConnectorWrapper", "MySqlConnectorWrapper\MySqlConnectorWrapper.csproj", "{5508B46B-D302-450A-A813-7C651F13395C}"
EndProject
Global
	GlobalSection(SolutionConfigurationPlatforms) = preSolution
		Debug|Any CPU = Debug|Any CPU
		Release|Any CPU = Release|Any CPU
	EndGlobalSection
	GlobalSection(ProjectConfigurationPlatforms) = postSolution
		{0D82EA19-D91C-4974-B83B-90F2F990A1D8}.Debug|Any CPU.ActiveCfg = Debug|Any CPU
		{0D82EA19-D91C-4974-B83B-90F2F990A1D8}.Debug|Any CPU.Build.0 = Debug|Any CPU
		{0D82EA19-D91C-4974-B83B-90F2F990A1D8}.Release|Any CPU.ActiveCfg = Release|Any CPU
		{0D82EA19-D91C-4974-B83B-90F2F990A1D8}.Release|Any CPU.Build.0 = Release|Any CPU
		{5508B46B-D302-450A-A813-7C651F13395C}.Debug|Any CPU.ActiveCfg = Debug|Any CPU
		{5508B46B-D302-450A-A813-7C651F13395C}.Debug|Any CPU.Build.0 = Debug|Any CPU
		{5508B46B-D302-450A-A813-7C651F13395C}.Release|Any CPU.ActiveCfg = Release|Any CPU
		{5508B46B-D302-450A-A813-7C651F13395C}.Release|Any CPU.Build.0 = Release|Any CPU
	EndGlobalSection
	GlobalSection(SolutionProperties) = preSolution
		HideSolutionNode = FALSE
	EndGlobalSection
	GlobalSection(ExtensibilityGlobals) = postSolution
		SolutionGuid = {EA5AD39B-13FC-4F25-BEF5-D90284819813}
	EndGlobalSection
EndGlobal
